
Microsoft Visual Studio Solution File, Format Version 12.00
# Visual Studio Version 16
VisualStudioVersion = 16.0.30204.51
MinimumVisualStudioVersion = 10.0.40219.1
Project("{9A19103F-16F7-4668-BE54-9A1E7A4F7556}") = "PrimeConsole", "PrimeConsole.csproj", "{DE8F3B50-124A-411C-ACB1-3281EA8F965D}"
EndProject
Global
	GlobalSection(SolutionConfigurationPlatforms) = preSolution
		Debug|Any CPU = Debug|Any CPU
		Release|Any CPU = Release|Any CPU
	EndGlobalSection
	GlobalSection(ProjectConfigurationPlatforms) = postSolution
		{DE8F3B50-124A-411C-ACB1-3281EA8F965D}.Debug|Any CPU.ActiveCfg = Debug|Any CPU
		{DE8F3B50-124A-411C-ACB1-3281EA8F965D}.Debug|Any CPU.Build.0 = Debug|Any CPU
		{DE8F3B50-124A-411C-ACB1-3281EA8F965D}.Release|Any CPU.ActiveCfg = Release|Any CPU
		{DE8F3B50-124A-411C-ACB1-3281EA8F965D}.Release|Any CPU.Build.0 = Release|Any CPU
	EndGlobalSection
	GlobalSection(SolutionProperties) = preSolution
		HideSolutionNode = FALSE
	EndGlobalSection
	GlobalSection(ExtensibilityGlobals) = postSolution
		SolutionGuid = {EDA6A53B-10FD-485A-85F9-2D871F8729C3}
	EndGlobalSection
EndGlobal
